{
	"requires": true,
	"lockfileVersion": 1,
	"dependencies": {
		"@ckeditor/ckeditor5-heading": {
			"version": "10.0.2",
			"resolved": "https://registry.npmjs.org/@ckeditor/ckeditor5-heading/-/ckeditor5-heading-10.0.2.tgz",
			"integrity": "sha512-0zCRxqiHKaU1RPqs/fp2FYbigssfQNdb/KKQThL6Hwtlt5llR4v/+2JbpVSSPNHlUC2Drn+EGvdlymJ//KtVCA==",
			"requires": {
				"@ckeditor/ckeditor5-core": "11.0.0",
				"@ckeditor/ckeditor5-engine": "10.2.0",
				"@ckeditor/ckeditor5-paragraph": "10.0.2",
				"@ckeditor/ckeditor5-theme-lark": "11.0.0",
				"@ckeditor/ckeditor5-ui": "11.0.0",
				"@ckeditor/ckeditor5-utils": "10.2.1"
			},
			"dependencies": {
				"@ckeditor/ckeditor5-core": {
					"version": "11.0.0",
					"resolved": "https://registry.npmjs.org/@ckeditor/ckeditor5-core/-/ckeditor5-core-11.0.0.tgz",
					"integrity": "sha512-f7MP9IQZtsDU9K8Zh4hTkX25FM6kVKGkkwTb40YdAp/Q5UCwwhanxkIk3Gqg2yLTcuKoO7k1pidDhKj8gj29GQ==",
					"requires": {
						"@ckeditor/ckeditor5-engine": "10.2.0",
						"@ckeditor/ckeditor5-utils": "10.2.1"
					}
				},
				"@ckeditor/ckeditor5-engine": {
					"version": "10.2.0",
					"resolved": "https://registry.npmjs.org/@ckeditor/ckeditor5-engine/-/ckeditor5-engine-10.2.0.tgz",
					"integrity": "sha512-QHXozzZ3Ppzc/8yuu3/dcdwz65kWK81iCiadCgTTi+y7ts2i7GjmWSG4Xb0jOeXEbKEKnkWJ9UVO+V7efs8c0g==",
					"requires": {
						"@ckeditor/ckeditor5-utils": "10.2.1"
					}
				},
				"@ckeditor/ckeditor5-theme-lark": {
					"version": "11.0.0",
					"resolved": "https://registry.npmjs.org/@ckeditor/ckeditor5-theme-lark/-/ckeditor5-theme-lark-11.0.0.tgz",
					"integrity": "sha512-8vcSWgLD9wmcWXpTKVPcLy7NTKmxZyC0/T8g9oxNQG5sOzgprk3Ow6iD8j//CG8fXiush7U8SRXatdzF9pGpwQ==",
					"requires": {
						"@ckeditor/ckeditor5-ui": "11.0.0"
					}
				},
				"@ckeditor/ckeditor5-ui": {
					"version": "11.0.0",
					"resolved": "https://registry.npmjs.org/@ckeditor/ckeditor5-ui/-/ckeditor5-ui-11.0.0.tgz",
					"integrity": "sha512-6MrPiGX/+9SPKASVNqC+F+w/ldEgKLeZOvDhWAG9VCk48hxyW2Ir0UuGh8/Bc00j6Osh1YVY+9kX3Bpmh2Aj+g==",
					"requires": {
						"@ckeditor/ckeditor5-core": "11.0.0",
						"@ckeditor/ckeditor5-theme-lark": "11.0.0",
						"@ckeditor/ckeditor5-utils": "10.2.1"
					}
				},
				"@ckeditor/ckeditor5-utils": {
					"version": "10.2.1",
					"resolved": "https://registry.npmjs.org/@ckeditor/ckeditor5-utils/-/ckeditor5-utils-10.2.1.tgz",
					"integrity": "sha512-cnoODoFZXF6iPkuNIz9z8ZAVDzotI+1kivYnrVDN1FkAIh1gXzJk1qqGaX6LuJ+ySbcfwT51L2L/65zaHv92pQ==",
					"requires": {
						"ckeditor5": "11.0.1"
					}
				},
				"ckeditor5": {
					"version": "11.0.1",
					"resolved": "https://registry.npmjs.org/ckeditor5/-/ckeditor5-11.0.1.tgz",
					"integrity": "sha512-vm8Uak+ecC6YI/b8d87EYufMsDZFsVZTPNzd3eIyWN+hZWx5AP/vHlMZ4iNbyrUvDW04eanBoew8YaO9TFg3GA=="
				}
			}
		},
		"@ckeditor/ckeditor5-paragraph": {
			"version": "10.0.2",
			"resolved": "https://registry.npmjs.org/@ckeditor/ckeditor5-paragraph/-/ckeditor5-paragraph-10.0.2.tgz",
			"integrity": "sha512-ohbGJl9LwqvHAPN0c0zGop4YULoPSBSl9dGw+xiWp2pjm1KZ0VYei2gqX3QXrxFs8U+4ECNQerwbX/pv//VCTw==",
			"requires": {
				"@ckeditor/ckeditor5-core": "11.0.0",
				"@ckeditor/ckeditor5-engine": "10.2.0",
				"@ckeditor/ckeditor5-ui": "11.0.0",
				"@ckeditor/ckeditor5-utils": "10.2.1"
			},
			"dependencies": {
				"@ckeditor/ckeditor5-core": {
					"version": "11.0.0",
					"resolved": "https://registry.npmjs.org/@ckeditor/ckeditor5-core/-/ckeditor5-core-11.0.0.tgz",
					"integrity": "sha512-f7MP9IQZtsDU9K8Zh4hTkX25FM6kVKGkkwTb40YdAp/Q5UCwwhanxkIk3Gqg2yLTcuKoO7k1pidDhKj8gj29GQ==",
					"requires": {
						"@ckeditor/ckeditor5-engine": "10.2.0",
						"@ckeditor/ckeditor5-utils": "10.2.1"
					}
				},
				"@ckeditor/ckeditor5-engine": {
					"version": "10.2.0",
					"resolved": "https://registry.npmjs.org/@ckeditor/ckeditor5-engine/-/ckeditor5-engine-10.2.0.tgz",
					"integrity": "sha512-QHXozzZ3Ppzc/8yuu3/dcdwz65kWK81iCiadCgTTi+y7ts2i7GjmWSG4Xb0jOeXEbKEKnkWJ9UVO+V7efs8c0g==",
					"requires": {
						"@ckeditor/ckeditor5-utils": "10.2.1"
					}
				},
				"@ckeditor/ckeditor5-theme-lark": {
					"version": "11.0.0",
					"resolved": "https://registry.npmjs.org/@ckeditor/ckeditor5-theme-lark/-/ckeditor5-theme-lark-11.0.0.tgz",
					"integrity": "sha512-8vcSWgLD9wmcWXpTKVPcLy7NTKmxZyC0/T8g9oxNQG5sOzgprk3Ow6iD8j//CG8fXiush7U8SRXatdzF9pGpwQ==",
					"requires": {
						"@ckeditor/ckeditor5-ui": "11.0.0"
					}
				},
				"@ckeditor/ckeditor5-ui": {
					"version": "11.0.0",
					"resolved": "https://registry.npmjs.org/@ckeditor/ckeditor5-ui/-/ckeditor5-ui-11.0.0.tgz",
					"integrity": "sha512-6MrPiGX/+9SPKASVNqC+F+w/ldEgKLeZOvDhWAG9VCk48hxyW2Ir0UuGh8/Bc00j6Osh1YVY+9kX3Bpmh2Aj+g==",
					"requires": {
						"@ckeditor/ckeditor5-core": "11.0.0",
						"@ckeditor/ckeditor5-theme-lark": "11.0.0",
						"@ckeditor/ckeditor5-utils": "10.2.1"
					}
				},
				"@ckeditor/ckeditor5-utils": {
					"version": "10.2.1",
					"resolved": "https://registry.npmjs.org/@ckeditor/ckeditor5-utils/-/ckeditor5-utils-10.2.1.tgz",
					"integrity": "sha512-cnoODoFZXF6iPkuNIz9z8ZAVDzotI+1kivYnrVDN1FkAIh1gXzJk1qqGaX6LuJ+ySbcfwT51L2L/65zaHv92pQ==",
					"requires": {
						"ckeditor5": "11.0.1"
					}
				},
				"ckeditor5": {
					"version": "11.0.1",
					"resolved": "https://registry.npmjs.org/ckeditor5/-/ckeditor5-11.0.1.tgz",
					"integrity": "sha512-vm8Uak+ecC6YI/b8d87EYufMsDZFsVZTPNzd3eIyWN+hZWx5AP/vHlMZ4iNbyrUvDW04eanBoew8YaO9TFg3GA=="
				}
			}
		}
	}
}
